// !$*UTF8*$!
{
	archiveVersion = 1;
	classes = {
	};
	objectVersion = 56;
	objects = {

/* Begin PBXBuildFile section */
		A0753526298C11F500202E52 /* AppDelegate.swift in Sources */ = {isa = PBXBuildFile; fileRef = A0753525298C11F500202E52 /* AppDelegate.swift */; };
		A0753528298C11F500202E52 /* SceneDelegate.swift in Sources */ = {isa = PBXBuildFile; fileRef = A0753527298C11F500202E52 /* SceneDelegate.swift */; };
		A075352A298C11F500202E52 /* NewsViewController.swift in Sources */ = {isa = PBXBuildFile; fileRef = A0753529298C11F500202E52 /* NewsViewController.swift */; };
		A075352F298C11F500202E52 /* Assets.xcassets in Resources */ = {isa = PBXBuildFile; fileRef = A075352E298C11F500202E52 /* Assets.xcassets */; };
		A0753532298C11F500202E52 /* LaunchScreen.storyboard in Resources */ = {isa = PBXBuildFile; fileRef = A0753530298C11F500202E52 /* LaunchScreen.storyboard */; };
		A075353B298C153B00202E52 /* SnapKit in Frameworks */ = {isa = PBXBuildFile; productRef = A075353A298C153B00202E52 /* SnapKit */; };
		A075353D298C1B7200202E52 /* NewsDescriptionViewController.swift in Sources */ = {isa = PBXBuildFile; fileRef = A075353C298C1B7200202E52 /* NewsDescriptionViewController.swift */; };
		A0753541298C5E4F00202E52 /* NewsParser.swift in Sources */ = {isa = PBXBuildFile; fileRef = A0753540298C5E4F00202E52 /* NewsParser.swift */; };
		A0D18F42298DE546001F8E85 /* Kingfisher in Frameworks */ = {isa = PBXBuildFile; productRef = A0D18F41298DE546001F8E85 /* Kingfisher */; };
		A0DA3E98298C6F81008CE781 /* NewsItemTableViewCell.swift in Sources */ = {isa = PBXBuildFile; fileRef = A0DA3E97298C6F81008CE781 /* NewsItemTableViewCell.swift */; };
/* End PBXBuildFile section */

/* Begin PBXFileReference section */
		A0753522298C11F500202E52 /* RSS_reader.app */ = {isa = PBXFileReference; explicitFileType = wrapper.application; includeInIndex = 0; path = RSS_reader.app; sourceTree = BUILT_PRODUCTS_DIR; };
		A0753525298C11F500202E52 /* AppDelegate.swift */ = {isa = PBXFileReference; lastKnownFileType = sourcecode.swift; path = AppDelegate.swift; sourceTree = "<group>"; };
		A0753527298C11F500202E52 /* SceneDelegate.swift */ = {isa = PBXFileReference; lastKnownFileType = sourcecode.swift; path = SceneDelegate.swift; sourceTree = "<group>"; };
		A0753529298C11F500202E52 /* NewsViewController.swift */ = {isa = PBXFileReference; lastKnownFileType = sourcecode.swift; path = NewsViewController.swift; sourceTree = "<group>"; };
		A075352E298C11F500202E52 /* Assets.xcassets */ = {isa = PBXFileReference; lastKnownFileType = folder.assetcatalog; path = Assets.xcassets; sourceTree = "<group>"; };
		A0753531298C11F500202E52 /* Base */ = {isa = PBXFileReference; lastKnownFileType = file.storyboard; name = Base; path = Base.lproj/LaunchScreen.storyboard; sourceTree = "<group>"; };
		A0753533298C11F500202E52 /* Info.plist */ = {isa = PBXFileReference; lastKnownFileType = text.plist.xml; path = Info.plist; sourceTree = "<group>"; };
		A075353C298C1B7200202E52 /* NewsDescriptionViewController.swift */ = {isa = PBXFileReference; lastKnownFileType = sourcecode.swift; path = NewsDescriptionViewController.swift; sourceTree = "<group>"; };
		A0753540298C5E4F00202E52 /* NewsParser.swift */ = {isa = PBXFileReference; lastKnownFileType = sourcecode.swift; path = NewsParser.swift; sourceTree = "<group>"; };
		A0DA3E97298C6F81008CE781 /* NewsItemTableViewCell.swift */ = {isa = PBXFileReference; lastKnownFileType = sourcecode.swift; path = NewsItemTableViewCell.swift; sourceTree = "<group>"; };
/* End PBXFileReference section */

/* Begin PBXFrameworksBuildPhase section */
		A075351F298C11F500202E52 /* Frameworks */ = {
			isa = PBXFrameworksBuildPhase;
			buildActionMask = 2147483647;
			files = (
				A0D18F42298DE546001F8E85 /* Kingfisher in Frameworks */,
				A075353B298C153B00202E52 /* SnapKit in Frameworks */,
			);
			runOnlyForDeploymentPostprocessing = 0;
		};
/* End PBXFrameworksBuildPhase section */

/* Begin PBXGroup section */
		A0753519298C11F400202E52 = {
			isa = PBXGroup;
			children = (
				A0753524298C11F500202E52 /* RSS_reader */,
				A0753523298C11F500202E52 /* Products */,
			);
			sourceTree = "<group>";
		};
		A0753523298C11F500202E52 /* Products */ = {
			isa = PBXGroup;
			children = (
				A0753522298C11F500202E52 /* RSS_reader.app */,
			);
			name = Products;
			sourceTree = "<group>";
		};
		A0753524298C11F500202E52 /* RSS_reader */ = {
			isa = PBXGroup;
			children = (
				A0753525298C11F500202E52 /* AppDelegate.swift */,
				A0753527298C11F500202E52 /* SceneDelegate.swift */,
				A0753540298C5E4F00202E52 /* NewsParser.swift */,
				A0753542298C6D6900202E52 /* Screens */,
				A0753543298C6D9000202E52 /* Resources */,
				A0753533298C11F500202E52 /* Info.plist */,
			);
			path = RSS_reader;
			sourceTree = "<group>";
		};
		A0753542298C6D6900202E52 /* Screens */ = {
			isa = PBXGroup;
			children = (
				A0DA3E97298C6F81008CE781 /* NewsItemTableViewCell.swift */,
				A0753529298C11F500202E52 /* NewsViewController.swift */,
				A075353C298C1B7200202E52 /* NewsDescriptionViewController.swift */,
			);
			path = Screens;
			sourceTree = "<group>";
		};
		A0753543298C6D9000202E52 /* Resources */ = {
			isa = PBXGroup;
			children = (
				A075352E298C11F500202E52 /* Assets.xcassets */,
				A0753530298C11F500202E52 /* LaunchScreen.storyboard */,
			);
			path = Resources;
			sourceTree = "<group>";
		};
/* End PBXGroup section */

/* Begin PBXNativeTarget section */
		A0753521298C11F500202E52 /* RSS_reader */ = {
			isa = PBXNativeTarget;
			buildConfigurationList = A0753536298C11F500202E52 /* Build configuration list for PBXNativeTarget "RSS_reader" */;
			buildPhases = (
				A075351E298C11F500202E52 /* Sources */,
				A075351F298C11F500202E52 /* Frameworks */,
				A0753520298C11F500202E52 /* Resources */,
			);
			buildRules = (
			);
			dependencies = (
			);
			name = RSS_reader;
			packageProductDependencies = (
				A075353A298C153B00202E52 /* SnapKit */,
				A0D18F41298DE546001F8E85 /* Kingfisher */,
			);
			productName = RSS_reader;
			productReference = A0753522298C11F500202E52 /* RSS_reader.app */;
			productType = "com.apple.product-type.application";
		};
/* End PBXNativeTarget section */

/* Begin PBXProject section */
		A075351A298C11F400202E52 /* Project object */ = {
			isa = PBXProject;
			attributes = {
				BuildIndependentTargetsInParallel = 1;
				LastSwiftUpdateCheck = 1420;
				LastUpgradeCheck = 1420;
				TargetAttributes = {
					A0753521298C11F500202E52 = {
						CreatedOnToolsVersion = 14.2;
					};
				};
			};
			buildConfigurationList = A075351D298C11F400202E52 /* Build configuration list for PBXProject "RSS_reader" */;
			compatibilityVersion = "Xcode 14.0";
			developmentRegion = en;
			hasScannedForEncodings = 0;
			knownRegions = (
				en,
				Base,
			);
			mainGroup = A0753519298C11F400202E52;
			packageReferences = (
				A0753539298C153B00202E52 /* XCRemoteSwiftPackageReference "SnapKit" */,
				A0D18F40298DE546001F8E85 /* XCRemoteSwiftPackageReference "Kingfisher" */,
			);
			productRefGroup = A0753523298C11F500202E52 /* Products */;
			projectDirPath = "";
			projectRoot = "";
			targets = (
				A0753521298C11F500202E52 /* RSS_reader */,
			);
		};
/* End PBXProject section */

/* Begin PBXResourcesBuildPhase section */
		A0753520298C11F500202E52 /* Resources */ = {
			isa = PBXResourcesBuildPhase;
			buildActionMask = 2147483647;
			files = (
				A0753532298C11F500202E52 /* LaunchScreen.storyboard in Resources */,
				A075352F298C11F500202E52 /* Assets.xcassets in Resources */,
			);
			runOnlyForDeploymentPostprocessing = 0;
		};
/* End PBXResourcesBuildPhase section */

/* Begin PBXSourcesBuildPhase section */
		A075351E298C11F500202E52 /* Sources */ = {
			isa = PBXSourcesBuildPhase;
			buildActionMask = 2147483647;
			files = (
				A075352A298C11F500202E52 /* NewsViewController.swift in Sources */,
				A0753541298C5E4F00202E52 /* NewsParser.swift in Sources */,
				A0753526298C11F500202E52 /* AppDelegate.swift in Sources */,
				A0DA3E98298C6F81008CE781 /* NewsItemTableViewCell.swift in Sources */,
				A075353D298C1B7200202E52 /* NewsDescriptionViewController.swift in Sources */,
				A0753528298C11F500202E52 /* SceneDelegate.swift in Sources */,
			);
			runOnlyForDeploymentPostprocessing = 0;
		};
/* End PBXSourcesBuildPhase section */

/* Begin PBXVariantGroup section */
		A0753530298C11F500202E52 /* LaunchScreen.storyboard */ = {
			isa = PBXVariantGroup;
			children = (
				A0753531298C11F500202E52 /* Base */,
			);
			name = LaunchScreen.storyboard;
			sourceTree = "<group>";
		};
/* End PBXVariantGroup section */

/* Begin XCBuildConfiguration section */
		A0753534298C11F500202E52 /* Debug */ = {
			isa = XCBuildConfiguration;
			buildSettings = {
				ALWAYS_SEARCH_USER_PATHS = NO;
				CLANG_ANALYZER_NONNULL = YES;
				CLANG_ANALYZER_NUMBER_OBJECT_CONVERSION = YES_AGGRESSIVE;
				CLANG_CXX_LANGUAGE_STANDARD = "gnu++20";
				CLANG_ENABLE_MODULES = YES;
				CLANG_ENABLE_OBJC_ARC = YES;
				CLANG_ENABLE_OBJC_WEAK = YES;
				CLANG_WARN_BLOCK_CAPTURE_AUTORELEASING = YES;
				CLANG_WARN_BOOL_CONVERSION = YES;
				CLANG_WARN_COMMA = YES;
				CLANG_WARN_CONSTANT_CONVERSION = YES;
				CLANG_WARN_DEPRECATED_OBJC_IMPLEMENTATIONS = YES;
				CLANG_WARN_DIRECT_OBJC_ISA_USAGE = YES_ERROR;
				CLANG_WARN_DOCUMENTATION_COMMENTS = YES;
				CLANG_WARN_EMPTY_BODY = YES;
				CLANG_WARN_ENUM_CONVERSION = YES;
				CLANG_WARN_INFINITE_RECURSION = YES;
				CLANG_WARN_INT_CONVERSION = YES;
				CLANG_WARN_NON_LITERAL_NULL_CONVERSION = YES;
				CLANG_WARN_OBJC_IMPLICIT_RETAIN_SELF = YES;
				CLANG_WARN_OBJC_LITERAL_CONVERSION = YES;
				CLANG_WARN_OBJC_ROOT_CLASS = YES_ERROR;
				CLANG_WARN_QUOTED_INCLUDE_IN_FRAMEWORK_HEADER = YES;
				CLANG_WARN_RANGE_LOOP_ANALYSIS = YES;
				CLANG_WARN_STRICT_PROTOTYPES = YES;
				CLANG_WARN_SUSPICIOUS_MOVE = YES;
				CLANG_WARN_UNGUARDED_AVAILABILITY = YES_AGGRESSIVE;
				CLANG_WARN_UNREACHABLE_CODE = YES;
				CLANG_WARN__DUPLICATE_METHOD_MATCH = YES;
				COPY_PHASE_STRIP = NO;
				DEBUG_INFORMATION_FORMAT = dwarf;
				ENABLE_STRICT_OBJC_MSGSEND = YES;
				ENABLE_TESTABILITY = YES;
				GCC_C_LANGUAGE_STANDARD = gnu11;
				GCC_DYNAMIC_NO_PIC = NO;
				GCC_NO_COMMON_BLOCKS = YES;
				GCC_OPTIMIZATION_LEVEL = 0;
				GCC_PREPROCESSOR_DEFINITIONS = (
					"DEBUG=1",
					"$(inherited)",
				);
				GCC_WARN_64_TO_32_BIT_CONVERSION = YES;
				GCC_WARN_ABOUT_RETURN_TYPE = YES_ERROR;
				GCC_WARN_UNDECLARED_SELECTOR = YES;
				GCC_WARN_UNINITIALIZED_AUTOS = YES_AGGRESSIVE;
				GCC_WARN_UNUSED_FUNCTION = YES;
				GCC_WARN_UNUSED_VARIABLE = YES;
				IPHONEOS_DEPLOYMENT_TARGET = 16.2;
				MTL_ENABLE_DEBUG_INFO = INCLUDE_SOURCE;
				MTL_FAST_MATH = YES;
				ONLY_ACTIVE_ARCH = YES;
				SDKROOT = iphoneos;
				SWIFT_ACTIVE_COMPILATION_CONDITIONS = DEBUG;
				SWIFT_OPTIMIZATION_LEVEL = "-Onone";
			};
			name = Debug;
		};
		A0753535298C11F500202E52 /* Release */ = {
			isa = XCBuildConfiguration;
			buildSettings = {
				ALWAYS_SEARCH_USER_PATHS = NO;
				CLANG_ANALYZER_NONNULL = YES;
				CLANG_ANALYZER_NUMBER_OBJECT_CONVERSION = YES_AGGRESSIVE;
				CLANG_CXX_LANGUAGE_STANDARD = "gnu++20";
				CLANG_ENABLE_MODULES = YES;
				CLANG_ENABLE_OBJC_ARC = YES;
				CLANG_ENABLE_OBJC_WEAK = YES;
				CLANG_WARN_BLOCK_CAPTURE_AUTORELEASING = YES;
				CLANG_WARN_BOOL_CONVERSION = YES;
				CLANG_WARN_COMMA = YES;
				CLANG_WARN_CONSTANT_CONVERSION = YES;
				CLANG_WARN_DEPRECATED_OBJC_IMPLEMENTATIONS = YES;
				CLANG_WARN_DIRECT_OBJC_ISA_USAGE = YES_ERROR;
				CLANG_WARN_DOCUMENTATION_COMMENTS = YES;
				CLANG_WARN_EMPTY_BODY = YES;
				CLANG_WARN_ENUM_CONVERSION = YES;
				CLANG_WARN_INFINITE_RECURSION = YES;
				CLANG_WARN_INT_CONVERSION = YES;
				CLANG_WARN_NON_LITERAL_NULL_CONVERSION = YES;
				CLANG_WARN_OBJC_IMPLICIT_RETAIN_SELF = YES;
				CLANG_WARN_OBJC_LITERAL_CONVERSION = YES;
				CLANG_WARN_OBJC_ROOT_CLASS = YES_ERROR;
				CLANG_WARN_QUOTED_INCLUDE_IN_FRAMEWORK_HEADER = YES;
				CLANG_WARN_RANGE_LOOP_ANALYSIS = YES;
				CLANG_WARN_STRICT_PROTOTYPES = YES;
				CLANG_WARN_SUSPICIOUS_MOVE = YES;
				CLANG_WARN_UNGUARDED_AVAILABILITY = YES_AGGRESSIVE;
				CLANG_WARN_UNREACHABLE_CODE = YES;
				CLANG_WARN__DUPLICATE_METHOD_MATCH = YES;
				COPY_PHASE_STRIP = NO;
				DEBUG_INFORMATION_FORMAT = "dwarf-with-dsym";
				ENABLE_NS_ASSERTIONS = NO;
				ENABLE_STRICT_OBJC_MSGSEND = YES;
				GCC_C_LANGUAGE_STANDARD = gnu11;
				GCC_NO_COMMON_BLOCKS = YES;
				GCC_WARN_64_TO_32_BIT_CONVERSION = YES;
				GCC_WARN_ABOUT_RETURN_TYPE = YES_ERROR;
				GCC_WARN_UNDECLARED_SELECTOR = YES;
				GCC_WARN_UNINITIALIZED_AUTOS = YES_AGGRESSIVE;
				GCC_WARN_UNUSED_FUNCTION = YES;
				GCC_WARN_UNUSED_VARIABLE = YES;
				IPHONEOS_DEPLOYMENT_TARGET = 16.2;
				MTL_ENABLE_DEBUG_INFO = NO;
				MTL_FAST_MATH = YES;
				SDKROOT = iphoneos;
				SWIFT_COMPILATION_MODE = wholemodule;
				SWIFT_OPTIMIZATION_LEVEL = "-O";
				VALIDATE_PRODUCT = YES;
			};
			name = Release;
		};
		A0753537298C11F500202E52 /* Debug */ = {
			isa = XCBuildConfiguration;
			buildSettings = {
				ASSETCATALOG_COMPILER_APPICON_NAME = AppIcon;
				ASSETCATALOG_COMPILER_GLOBAL_ACCENT_COLOR_NAME = AccentColor;
				CODE_SIGN_STYLE = Automatic;
				CURRENT_PROJECT_VERSION = 1;
				DEVELOPMENT_TEAM = BMB89U7869;
				GENERATE_INFOPLIST_FILE = YES;
				INFOPLIST_FILE = RSS_reader/Info.plist;
				INFOPLIST_KEY_UIApplicationSupportsIndirectInputEvents = YES;
				INFOPLIST_KEY_UILaunchStoryboardName = LaunchScreen;
				INFOPLIST_KEY_UIMainStoryboardFile = "";
				INFOPLIST_KEY_UISupportedInterfaceOrientations_iPad = "UIInterfaceOrientationPortrait UIInterfaceOrientationPortraitUpsideDown UIInterfaceOrientationLandscapeLeft UIInterfaceOrientationLandscapeRight";
				INFOPLIST_KEY_UISupportedInterfaceOrientations_iPhone = "UIInterfaceOrientationPortrait UIInterfaceOrientationLandscapeLeft UIInterfaceOrientationLandscapeRight";
				LD_RUNPATH_SEARCH_PATHS = (
					"$(inherited)",
					"@executable_path/Frameworks",
				);
				MARKETING_VERSION = 1.0;
				PRODUCT_BUNDLE_IDENTIFIER = "com.dseam.RSS-reader";
				PRODUCT_NAME = "$(TARGET_NAME)";
				SWIFT_EMIT_LOC_STRINGS = YES;
				SWIFT_VERSION = 5.0;
				TARGETED_DEVICE_FAMILY = "1,2";
			};
			name = Debug;
		};
		A0753538298C11F500202E52 /* Release */ = {
			isa = XCBuildConfiguration;
			buildSettings = {
				ASSETCATALOG_COMPILER_APPICON_NAME = AppIcon;
				ASSETCATALOG_COMPILER_GLOBAL_ACCENT_COLOR_NAME = AccentColor;
				CODE_SIGN_STYLE = Automatic;
				CURRENT_PROJECT_VERSION = 1;
				DEVELOPMENT_TEAM = BMB89U7869;
				GENERATE_INFOPLIST_FILE = YES;
				INFOPLIST_FILE = RSS_reader/Info.plist;
				INFOPLIST_KEY_UIApplicationSupportsIndirectInputEvents = YES;
				INFOPLIST_KEY_UILaunchStoryboardName = LaunchScreen;
				INFOPLIST_KEY_UIMainStoryboardFile = "";
				INFOPLIST_KEY_UISupportedInterfaceOrientations_iPad = "UIInterfaceOrientationPortrait UIInterfaceOrientationPortraitUpsideDown UIInterfaceOrientationLandscapeLeft UIInterfaceOrientationLandscapeRight";
				INFOPLIST_KEY_UISupportedInterfaceOrientations_iPhone = "UIInterfaceOrientationPortrait UIInterfaceOrientationLandscapeLeft UIInterfaceOrientationLandscapeRight";
				LD_RUNPATH_SEARCH_PATHS = (
					"$(inherited)",
					"@executable_path/Frameworks",
				);
				MARKETING_VERSION = 1.0;
				PRODUCT_BUNDLE_IDENTIFIER = "com.dseam.RSS-reader";
				PRODUCT_NAME = "$(TARGET_NAME)";
				SWIFT_EMIT_LOC_STRINGS = YES;
				SWIFT_VERSION = 5.0;
				TARGETED_DEVICE_FAMILY = "1,2";
			};
			name = Release;
		};
/* End XCBuildConfiguration section */

/* Begin XCConfigurationList section */
		A075351D298C11F400202E52 /* Build configuration list for PBXProject "RSS_reader" */ = {
			isa = XCConfigurationList;
			buildConfigurations = (
				A0753534298C11F500202E52 /* Debug */,
				A0753535298C11F500202E52 /* Release */,
			);
			defaultConfigurationIsVisible = 0;
			defaultConfigurationName = Release;
		};
		A0753536298C11F500202E52 /* Build configuration list for PBXNativeTarget "RSS_reader" */ = {
			isa = XCConfigurationList;
			buildConfigurations = (
				A0753537298C11F500202E52 /* Debug */,
				A0753538298C11F500202E52 /* Release */,
			);
			defaultConfigurationIsVisible = 0;
			defaultConfigurationName = Release;
		};
/* End XCConfigurationList section */

/* Begin XCRemoteSwiftPackageReference section */
		A0753539298C153B00202E52 /* XCRemoteSwiftPackageReference "SnapKit" */ = {
			isa = XCRemoteSwiftPackageReference;
			repositoryURL = "https://github.com/SnapKit/SnapKit.git";
			requirement = {
				kind = upToNextMajorVersion;
				minimumVersion = 5.0.0;
			};
		};
		A0D18F40298DE546001F8E85 /* XCRemoteSwiftPackageReference "Kingfisher" */ = {
			isa = XCRemoteSwiftPackageReference;
			repositoryURL = "https://github.com/onevcat/Kingfisher.git";
			requirement = {
				kind = upToNextMajorVersion;
				minimumVersion = 7.0.0;
			};
		};
/* End XCRemoteSwiftPackageReference section */

/* Begin XCSwiftPackageProductDependency section */
		A075353A298C153B00202E52 /* SnapKit */ = {
			isa = XCSwiftPackageProductDependency;
			package = A0753539298C153B00202E52 /* XCRemoteSwiftPackageReference "SnapKit" */;
			productName = SnapKit;
		};
		A0D18F41298DE546001F8E85 /* Kingfisher */ = {
			isa = XCSwiftPackageProductDependency;
			package = A0D18F40298DE546001F8E85 /* XCRemoteSwiftPackageReference "Kingfisher" */;
			productName = Kingfisher;
		};
/* End XCSwiftPackageProductDependency section */
	};
	rootObject = A075351A298C11F400202E52 /* Project object */;
}
